
Microsoft Visual Studio Solution File, Format Version 12.00
# Visual Studio Version 17
VisualStudioVersion = 17.8.34322.80
MinimumVisualStudioVersion = 10.0.40219.1
Project("{2150E333-8FDC-42A3-9474-1A3956D46DE8}") = "Appointment", "Appointment", "{75B5716D-BAEB-4AAC-861B-EC2D596A416E}"
EndProject
Project("{9A19103F-16F7-4668-BE54-9A1E7A4F7556}") = "Appointment", "Appointment\Appointment.csproj", "{1E9636CC-05BB-4AAF-85E1-B8BEA04C4C2A}"
EndProject
Project("{9A19103F-16F7-4668-BE54-9A1E7A4F7556}") = "Appointment.UnitTest", "Appointment.UnitTest\Appointment.UnitTest.csproj", "{C2889D17-09DE-4104-975B-52DFEF22DE07}"
EndProject
Project("{2150E333-8FDC-42A3-9474-1A3956D46DE8}") = "Src", "Src", "{B6FD4708-BE7A-4C36-9553-10D4535B5588}"
EndProject
Project("{2150E333-8FDC-42A3-9474-1A3956D46DE8}") = "Test", "Test", "{D21117FC-2885-4E4E-8438-6B82BD156CC5}"
EndProject
Project("{2150E333-8FDC-42A3-9474-1A3956D46DE8}") = "Services", "Services", "{9406470E-2E70-4343-A62C-B07261E1AB9B}"
EndProject
Project("{2150E333-8FDC-42A3-9474-1A3956D46DE8}") = "Infrastructure", "Infrastructure", "{58DC78A8-A89F-480C-9238-FC3B6DDC1D37}"
EndProject
Project("{2150E333-8FDC-42A3-9474-1A3956D46DE8}") = "Vehicle", "Vehicle", "{AD8E6F3C-8EF6-45D1-B5AD-4E973F545C10}"
EndProject
Project("{2150E333-8FDC-42A3-9474-1A3956D46DE8}") = "Schema", "Schema", "{74E22F13-B1A4-4550-A710-DEC682DD964C}"
EndProject
Project("{9A19103F-16F7-4668-BE54-9A1E7A4F7556}") = "GatewayService", "GatewayService\GatewayService.csproj", "{47B8DA23-6036-4930-8B95-CD59DFA4F525}"
EndProject
Project("{9A19103F-16F7-4668-BE54-9A1E7A4F7556}") = "Configuration", "Configuration\Configuration.csproj", "{D580CCFE-0CDC-453D-8539-C1B88B45B0C4}"
EndProject
Project("{9A19103F-16F7-4668-BE54-9A1E7A4F7556}") = "AuthRBAC", "AuthRBAC\AuthRBAC.csproj", "{AF58E32C-9BF7-4128-AA33-80D30B61753F}"
EndProject
Project("{9A19103F-16F7-4668-BE54-9A1E7A4F7556}") = "DataAccess", "DataAccess\DataAccess.csproj", "{58F9A69E-318A-4D51-8483-C61473F332A9}"
EndProject
Project("{9A19103F-16F7-4668-BE54-9A1E7A4F7556}") = "LoggingAndAuditingService", "LoggingService\LoggingAndAuditingService.csproj", "{CFFAEF60-3548-4B41-B1F0-2050E197800F}"
EndProject
Project("{2150E333-8FDC-42A3-9474-1A3956D46DE8}") = "Inspection", "Inspection", "{FCFB9C38-E088-429B-A4D2-05D653622F0C}"
EndProject
Project("{2150E333-8FDC-42A3-9474-1A3956D46DE8}") = "LaneConfiguration", "LaneConfiguration", "{6B132DE2-AAD1-471E-972C-96B334045B37}"
EndProject
Project("{2150E333-8FDC-42A3-9474-1A3956D46DE8}") = "CentreManagement", "CentreManagement", "{58703D95-29B3-4068-9240-E5FFDA4FBC95}"
EndProject
Project("{9A19103F-16F7-4668-BE54-9A1E7A4F7556}") = "DocumentStorageService", "DocumentStorageService\DocumentStorageService.csproj", "{7B8A5261-AA5E-403C-A4F0-4803A705A447}"
EndProject
Project("{9A19103F-16F7-4668-BE54-9A1E7A4F7556}") = "PrintService", "PrintService\PrintService.csproj", "{87DB8274-92C3-46A8-85C6-FA290FC8DCBA}"
EndProject
Project("{2150E333-8FDC-42A3-9474-1A3956D46DE8}") = "ARTU", "ARTU", "{29484B0D-1525-4A1E-895B-FD67A47FD6FC}"
EndProject
Project("{9A19103F-16F7-4668-BE54-9A1E7A4F7556}") = "Vehicle", "Vehicle\Vehicle.csproj", "{B9A82A17-3E9D-4298-AE10-C82DEC65056E}"
EndProject
Project("{9A19103F-16F7-4668-BE54-9A1E7A4F7556}") = "Inspection", "Inspection\Inspection.csproj", "{1AD42470-CC3F-47D9-BD72-2D05AB4F0E78}"
EndProject
Project("{9A19103F-16F7-4668-BE54-9A1E7A4F7556}") = "LaneConfiguration", "LaneConfiguration\LaneConfiguration.csproj", "{0573C71A-B332-42DA-AF99-49F265D223ED}"
EndProject
Project("{9A19103F-16F7-4668-BE54-9A1E7A4F7556}") = "Artu", "Artu\Artu.csproj", "{2EF5E1BB-1BEC-47A3-B0DC-4DC3FECE73E4}"
EndProject
Project("{2150E333-8FDC-42A3-9474-1A3956D46DE8}") = "Infrastructure", "Infrastructure", "{B1D7CB4E-DDF7-40F7-BF79-B7F109D24E24}"
EndProject
Project("{2150E333-8FDC-42A3-9474-1A3956D46DE8}") = "Services", "Services", "{B469CE33-F793-410B-85C5-FBDE1E0AF222}"
EndProject
Project("{9A19103F-16F7-4668-BE54-9A1E7A4F7556}") = "Models", "SharedModels\Models.csproj", "{FDC87C69-52B6-4B85-A63D-22433A512BE5}"
EndProject
Project("{2150E333-8FDC-42A3-9474-1A3956D46DE8}") = "Shared", "Shared", "{29090C3F-795A-4354-9CA8-C27578604513}"
EndProject
Project("{9A19103F-16F7-4668-BE54-9A1E7A4F7556}") = "Vehicle.UnitTest", "Vehicle.UnitTest\Vehicle.UnitTest.csproj", "{23C6B6B4-9C94-48DF-8007-C5FE0DC12F39}"
EndProject
Project("{2150E333-8FDC-42A3-9474-1A3956D46DE8}") = "Interfaces", "Interfaces", "{54F76628-162B-4EF1-A89F-D4DD28185A85}"
EndProject
Project("{9A19103F-16F7-4668-BE54-9A1E7A4F7556}") = "Artu", "Interfaces\Artu\Artu.csproj", "{31FE82EB-048F-4E0E-BD5E-D9E15E886693}"
EndProject
Project("{9A19103F-16F7-4668-BE54-9A1E7A4F7556}") = "Inspection.UnitTest", "Inspection.UnitTest\Inspection.UnitTest.csproj", "{87012709-3070-4802-BA9D-9819AFEA628B}"
EndProject
Project("{9A19103F-16F7-4668-BE54-9A1E7A4F7556}") = "CentreManagement", "CentreManagement\CentreManagement.csproj", "{64FC7993-D82D-451F-A6DA-39B26C2A5853}"
EndProject
Project("{9A19103F-16F7-4668-BE54-9A1E7A4F7556}") = "KafkaWrapper", "KafkaWrapper\KafkaWrapper.csproj", "{D2171D9A-4E02-4248-88D8-363DECB9BBEB}"
EndProject
Project("{9A19103F-16F7-4668-BE54-9A1E7A4F7556}") = "Centre.UnitTest", "Centre.UnitTest\Centre.UnitTest.csproj", "{55B7CB98-2ED6-49DF-85D3-7E92D99B9B26}"
EndProject
Project("{9A19103F-16F7-4668-BE54-9A1E7A4F7556}") = "LaneConfiguration.UnitTest", "LaneConfiguration.UnitTest\LaneConfiguration.UnitTest.csproj", "{9531832B-F35A-4455-9599-2417B1763665}"
EndProject
Project("{9A19103F-16F7-4668-BE54-9A1E7A4F7556}") = "Artu.UnitTest", "Artu.UnitTest\Artu.UnitTest.csproj", "{E0510334-7FF4-4CBC-9F5F-28637063CE18}"
EndProject
Project("{9A19103F-16F7-4668-BE54-9A1E7A4F7556}") = "DataAccess.UnitTest", "Test\Infrastructure\DataAccess.UnitTest\DataAccess.UnitTest.csproj", "{AE5BF1DB-B530-47E2-9874-D23D8412593C}"
EndProject
Project("{9A19103F-16F7-4668-BE54-9A1E7A4F7556}") = "GatewayService.UnitTest", "Test\Infrastructure\GatewayService.UnitTest\GatewayService.UnitTest.csproj", "{594C8C09-0B5A-4F04-A44F-ECE6B990BB8C}"
EndProject
Project("{9A19103F-16F7-4668-BE54-9A1E7A4F7556}") = "KafkaWrapper.UnitTest", "Test\Infrastructure\KafkaWrapper.UnitTest\KafkaWrapper.UnitTest.csproj", "{68067FE0-2A61-4850-AA5A-065DDE6C97A1}"
EndProject
Project("{FAE04EC0-301F-11D3-BF4B-00C04F79EFBC}") = "InternalAPICall", "InternalAPICall\InternalAPICall.csproj", "{8C5D9027-3B7F-45F3-9F2D-B16602F423CD}"
EndProject
Project("{2150E333-8FDC-42A3-9474-1A3956D46DE8}") = "Configuration", "Configuration", "{47C0A29C-7F2B-43FE-9FA9-F9E3F7BCAC79}"
EndProject
Project("{FAE04EC0-301F-11D3-BF4B-00C04F79EFBC}") = "ConfigurationService", "ConfigurationService\ConfigurationService.csproj", "{4F4BE07C-1623-493E-BDFA-6C5752F9BB6F}"
EndProject
Project("{FAE04EC0-301F-11D3-BF4B-00C04F79EFBC}") = "ConfigurationService.UnitTest", "Test\Services\ConfigurationService.UnitTest\ConfigurationService.UnitTest.csproj", "{35089D92-AFEF-4C61-9BEB-E1E8D6B216A1}"
EndProject
Global
	GlobalSection(SolutionConfigurationPlatforms) = preSolution
		Debug|Any CPU = Debug|Any CPU
		Release|Any CPU = Release|Any CPU
	EndGlobalSection
	GlobalSection(ProjectConfigurationPlatforms) = postSolution
		{1E9636CC-05BB-4AAF-85E1-B8BEA04C4C2A}.Debug|Any CPU.ActiveCfg = Debug|Any CPU
		{1E9636CC-05BB-4AAF-85E1-B8BEA04C4C2A}.Debug|Any CPU.Build.0 = Debug|Any CPU
		{1E9636CC-05BB-4AAF-85E1-B8BEA04C4C2A}.Release|Any CPU.ActiveCfg = Release|Any CPU
		{1E9636CC-05BB-4AAF-85E1-B8BEA04C4C2A}.Release|Any CPU.Build.0 = Release|Any CPU
		{C2889D17-09DE-4104-975B-52DFEF22DE07}.Debug|Any CPU.ActiveCfg = Debug|Any CPU
		{C2889D17-09DE-4104-975B-52DFEF22DE07}.Debug|Any CPU.Build.0 = Debug|Any CPU
		{C2889D17-09DE-4104-975B-52DFEF22DE07}.Release|Any CPU.ActiveCfg = Release|Any CPU
		{C2889D17-09DE-4104-975B-52DFEF22DE07}.Release|Any CPU.Build.0 = Release|Any CPU
		{47B8DA23-6036-4930-8B95-CD59DFA4F525}.Debug|Any CPU.ActiveCfg = Debug|Any CPU
		{47B8DA23-6036-4930-8B95-CD59DFA4F525}.Debug|Any CPU.Build.0 = Debug|Any CPU
		{47B8DA23-6036-4930-8B95-CD59DFA4F525}.Release|Any CPU.ActiveCfg = Release|Any CPU
		{47B8DA23-6036-4930-8B95-CD59DFA4F525}.Release|Any CPU.Build.0 = Release|Any CPU
		{D580CCFE-0CDC-453D-8539-C1B88B45B0C4}.Debug|Any CPU.ActiveCfg = Debug|Any CPU
		{D580CCFE-0CDC-453D-8539-C1B88B45B0C4}.Debug|Any CPU.Build.0 = Debug|Any CPU
		{D580CCFE-0CDC-453D-8539-C1B88B45B0C4}.Release|Any CPU.ActiveCfg = Release|Any CPU
		{D580CCFE-0CDC-453D-8539-C1B88B45B0C4}.Release|Any CPU.Build.0 = Release|Any CPU
		{AF58E32C-9BF7-4128-AA33-80D30B61753F}.Debug|Any CPU.ActiveCfg = Debug|Any CPU
		{AF58E32C-9BF7-4128-AA33-80D30B61753F}.Debug|Any CPU.Build.0 = Debug|Any CPU
		{AF58E32C-9BF7-4128-AA33-80D30B61753F}.Release|Any CPU.ActiveCfg = Release|Any CPU
		{AF58E32C-9BF7-4128-AA33-80D30B61753F}.Release|Any CPU.Build.0 = Release|Any CPU
		{58F9A69E-318A-4D51-8483-C61473F332A9}.Debug|Any CPU.ActiveCfg = Debug|Any CPU
		{58F9A69E-318A-4D51-8483-C61473F332A9}.Debug|Any CPU.Build.0 = Debug|Any CPU
		{58F9A69E-318A-4D51-8483-C61473F332A9}.Release|Any CPU.ActiveCfg = Release|Any CPU
		{58F9A69E-318A-4D51-8483-C61473F332A9}.Release|Any CPU.Build.0 = Release|Any CPU
		{CFFAEF60-3548-4B41-B1F0-2050E197800F}.Debug|Any CPU.ActiveCfg = Debug|Any CPU
		{CFFAEF60-3548-4B41-B1F0-2050E197800F}.Debug|Any CPU.Build.0 = Debug|Any CPU
		{CFFAEF60-3548-4B41-B1F0-2050E197800F}.Release|Any CPU.ActiveCfg = Release|Any CPU
		{CFFAEF60-3548-4B41-B1F0-2050E197800F}.Release|Any CPU.Build.0 = Release|Any CPU
		{7B8A5261-AA5E-403C-A4F0-4803A705A447}.Debug|Any CPU.ActiveCfg = Debug|Any CPU
		{7B8A5261-AA5E-403C-A4F0-4803A705A447}.Debug|Any CPU.Build.0 = Debug|Any CPU
		{7B8A5261-AA5E-403C-A4F0-4803A705A447}.Release|Any CPU.ActiveCfg = Release|Any CPU
		{7B8A5261-AA5E-403C-A4F0-4803A705A447}.Release|Any CPU.Build.0 = Release|Any CPU
		{87DB8274-92C3-46A8-85C6-FA290FC8DCBA}.Debug|Any CPU.ActiveCfg = Debug|Any CPU
		{87DB8274-92C3-46A8-85C6-FA290FC8DCBA}.Debug|Any CPU.Build.0 = Debug|Any CPU
		{87DB8274-92C3-46A8-85C6-FA290FC8DCBA}.Release|Any CPU.ActiveCfg = Release|Any CPU
		{87DB8274-92C3-46A8-85C6-FA290FC8DCBA}.Release|Any CPU.Build.0 = Release|Any CPU
		{B9A82A17-3E9D-4298-AE10-C82DEC65056E}.Debug|Any CPU.ActiveCfg = Debug|Any CPU
		{B9A82A17-3E9D-4298-AE10-C82DEC65056E}.Debug|Any CPU.Build.0 = Debug|Any CPU
		{B9A82A17-3E9D-4298-AE10-C82DEC65056E}.Release|Any CPU.ActiveCfg = Release|Any CPU
		{B9A82A17-3E9D-4298-AE10-C82DEC65056E}.Release|Any CPU.Build.0 = Release|Any CPU
		{1AD42470-CC3F-47D9-BD72-2D05AB4F0E78}.Debug|Any CPU.ActiveCfg = Debug|Any CPU
		{1AD42470-CC3F-47D9-BD72-2D05AB4F0E78}.Debug|Any CPU.Build.0 = Debug|Any CPU
		{1AD42470-CC3F-47D9-BD72-2D05AB4F0E78}.Release|Any CPU.ActiveCfg = Release|Any CPU
		{1AD42470-CC3F-47D9-BD72-2D05AB4F0E78}.Release|Any CPU.Build.0 = Release|Any CPU
		{0573C71A-B332-42DA-AF99-49F265D223ED}.Debug|Any CPU.ActiveCfg = Debug|Any CPU
		{0573C71A-B332-42DA-AF99-49F265D223ED}.Debug|Any CPU.Build.0 = Debug|Any CPU
		{0573C71A-B332-42DA-AF99-49F265D223ED}.Release|Any CPU.ActiveCfg = Release|Any CPU
		{0573C71A-B332-42DA-AF99-49F265D223ED}.Release|Any CPU.Build.0 = Release|Any CPU
		{2EF5E1BB-1BEC-47A3-B0DC-4DC3FECE73E4}.Debug|Any CPU.ActiveCfg = Debug|Any CPU
		{2EF5E1BB-1BEC-47A3-B0DC-4DC3FECE73E4}.Debug|Any CPU.Build.0 = Debug|Any CPU
		{2EF5E1BB-1BEC-47A3-B0DC-4DC3FECE73E4}.Release|Any CPU.ActiveCfg = Release|Any CPU
		{2EF5E1BB-1BEC-47A3-B0DC-4DC3FECE73E4}.Release|Any CPU.Build.0 = Release|Any CPU
		{FDC87C69-52B6-4B85-A63D-22433A512BE5}.Debug|Any CPU.ActiveCfg = Debug|Any CPU
		{FDC87C69-52B6-4B85-A63D-22433A512BE5}.Debug|Any CPU.Build.0 = Debug|Any CPU
		{FDC87C69-52B6-4B85-A63D-22433A512BE5}.Release|Any CPU.ActiveCfg = Release|Any CPU
		{FDC87C69-52B6-4B85-A63D-22433A512BE5}.Release|Any CPU.Build.0 = Release|Any CPU
		{23C6B6B4-9C94-48DF-8007-C5FE0DC12F39}.Debug|Any CPU.ActiveCfg = Debug|Any CPU
		{23C6B6B4-9C94-48DF-8007-C5FE0DC12F39}.Debug|Any CPU.Build.0 = Debug|Any CPU
		{23C6B6B4-9C94-48DF-8007-C5FE0DC12F39}.Release|Any CPU.ActiveCfg = Release|Any CPU
		{23C6B6B4-9C94-48DF-8007-C5FE0DC12F39}.Release|Any CPU.Build.0 = Release|Any CPU
		{31FE82EB-048F-4E0E-BD5E-D9E15E886693}.Debug|Any CPU.ActiveCfg = Debug|Any CPU
		{31FE82EB-048F-4E0E-BD5E-D9E15E886693}.Debug|Any CPU.Build.0 = Debug|Any CPU
		{31FE82EB-048F-4E0E-BD5E-D9E15E886693}.Release|Any CPU.ActiveCfg = Release|Any CPU
		{31FE82EB-048F-4E0E-BD5E-D9E15E886693}.Release|Any CPU.Build.0 = Release|Any CPU
		{87012709-3070-4802-BA9D-9819AFEA628B}.Debug|Any CPU.ActiveCfg = Debug|Any CPU
		{87012709-3070-4802-BA9D-9819AFEA628B}.Debug|Any CPU.Build.0 = Debug|Any CPU
		{87012709-3070-4802-BA9D-9819AFEA628B}.Release|Any CPU.ActiveCfg = Release|Any CPU
		{87012709-3070-4802-BA9D-9819AFEA628B}.Release|Any CPU.Build.0 = Release|Any CPU
		{64FC7993-D82D-451F-A6DA-39B26C2A5853}.Debug|Any CPU.ActiveCfg = Debug|Any CPU
		{64FC7993-D82D-451F-A6DA-39B26C2A5853}.Debug|Any CPU.Build.0 = Debug|Any CPU
		{64FC7993-D82D-451F-A6DA-39B26C2A5853}.Release|Any CPU.ActiveCfg = Release|Any CPU
		{64FC7993-D82D-451F-A6DA-39B26C2A5853}.Release|Any CPU.Build.0 = Release|Any CPU
		{D2171D9A-4E02-4248-88D8-363DECB9BBEB}.Debug|Any CPU.ActiveCfg = Debug|Any CPU
		{D2171D9A-4E02-4248-88D8-363DECB9BBEB}.Debug|Any CPU.Build.0 = Debug|Any CPU
		{D2171D9A-4E02-4248-88D8-363DECB9BBEB}.Release|Any CPU.ActiveCfg = Release|Any CPU
		{D2171D9A-4E02-4248-88D8-363DECB9BBEB}.Release|Any CPU.Build.0 = Release|Any CPU
		{55B7CB98-2ED6-49DF-85D3-7E92D99B9B26}.Debug|Any CPU.ActiveCfg = Debug|Any CPU
		{55B7CB98-2ED6-49DF-85D3-7E92D99B9B26}.Debug|Any CPU.Build.0 = Debug|Any CPU
		{55B7CB98-2ED6-49DF-85D3-7E92D99B9B26}.Release|Any CPU.ActiveCfg = Release|Any CPU
		{55B7CB98-2ED6-49DF-85D3-7E92D99B9B26}.Release|Any CPU.Build.0 = Release|Any CPU
		{9531832B-F35A-4455-9599-2417B1763665}.Debug|Any CPU.ActiveCfg = Debug|Any CPU
		{9531832B-F35A-4455-9599-2417B1763665}.Debug|Any CPU.Build.0 = Debug|Any CPU
		{9531832B-F35A-4455-9599-2417B1763665}.Release|Any CPU.ActiveCfg = Release|Any CPU
		{9531832B-F35A-4455-9599-2417B1763665}.Release|Any CPU.Build.0 = Release|Any CPU
		{E0510334-7FF4-4CBC-9F5F-28637063CE18}.Debug|Any CPU.ActiveCfg = Debug|Any CPU
		{E0510334-7FF4-4CBC-9F5F-28637063CE18}.Debug|Any CPU.Build.0 = Debug|Any CPU
		{E0510334-7FF4-4CBC-9F5F-28637063CE18}.Release|Any CPU.ActiveCfg = Release|Any CPU
		{E0510334-7FF4-4CBC-9F5F-28637063CE18}.Release|Any CPU.Build.0 = Release|Any CPU
		{AE5BF1DB-B530-47E2-9874-D23D8412593C}.Debug|Any CPU.ActiveCfg = Debug|Any CPU
		{AE5BF1DB-B530-47E2-9874-D23D8412593C}.Debug|Any CPU.Build.0 = Debug|Any CPU
		{AE5BF1DB-B530-47E2-9874-D23D8412593C}.Release|Any CPU.ActiveCfg = Release|Any CPU
		{AE5BF1DB-B530-47E2-9874-D23D8412593C}.Release|Any CPU.Build.0 = Release|Any CPU
		{594C8C09-0B5A-4F04-A44F-ECE6B990BB8C}.Debug|Any CPU.ActiveCfg = Debug|Any CPU
		{594C8C09-0B5A-4F04-A44F-ECE6B990BB8C}.Debug|Any CPU.Build.0 = Debug|Any CPU
		{594C8C09-0B5A-4F04-A44F-ECE6B990BB8C}.Release|Any CPU.ActiveCfg = Release|Any CPU
		{594C8C09-0B5A-4F04-A44F-ECE6B990BB8C}.Release|Any CPU.Build.0 = Release|Any CPU
		{68067FE0-2A61-4850-AA5A-065DDE6C97A1}.Debug|Any CPU.ActiveCfg = Debug|Any CPU
		{68067FE0-2A61-4850-AA5A-065DDE6C97A1}.Debug|Any CPU.Build.0 = Debug|Any CPU
		{68067FE0-2A61-4850-AA5A-065DDE6C97A1}.Release|Any CPU.ActiveCfg = Release|Any CPU
		{68067FE0-2A61-4850-AA5A-065DDE6C97A1}.Release|Any CPU.Build.0 = Release|Any CPU
		{8C5D9027-3B7F-45F3-9F2D-B16602F423CD}.Debug|Any CPU.ActiveCfg = Debug|Any CPU
		{8C5D9027-3B7F-45F3-9F2D-B16602F423CD}.Debug|Any CPU.Build.0 = Debug|Any CPU
		{8C5D9027-3B7F-45F3-9F2D-B16602F423CD}.Release|Any CPU.ActiveCfg = Release|Any CPU
		{8C5D9027-3B7F-45F3-9F2D-B16602F423CD}.Release|Any CPU.Build.0 = Release|Any CPU
		{4F4BE07C-1623-493E-BDFA-6C5752F9BB6F}.Debug|Any CPU.ActiveCfg = Debug|Any CPU
		{4F4BE07C-1623-493E-BDFA-6C5752F9BB6F}.Debug|Any CPU.Build.0 = Debug|Any CPU
		{4F4BE07C-1623-493E-BDFA-6C5752F9BB6F}.Release|Any CPU.ActiveCfg = Release|Any CPU
		{4F4BE07C-1623-493E-BDFA-6C5752F9BB6F}.Release|Any CPU.Build.0 = Release|Any CPU
		{35089D92-AFEF-4C61-9BEB-E1E8D6B216A1}.Debug|Any CPU.ActiveCfg = Debug|Any CPU
		{35089D92-AFEF-4C61-9BEB-E1E8D6B216A1}.Debug|Any CPU.Build.0 = Debug|Any CPU
		{35089D92-AFEF-4C61-9BEB-E1E8D6B216A1}.Release|Any CPU.ActiveCfg = Release|Any CPU
		{35089D92-AFEF-4C61-9BEB-E1E8D6B216A1}.Release|Any CPU.Build.0 = Release|Any CPU
	EndGlobalSection
	GlobalSection(SolutionProperties) = preSolution
		HideSolutionNode = FALSE
	EndGlobalSection
	GlobalSection(NestedProjects) = preSolution
		{75B5716D-BAEB-4AAC-861B-EC2D596A416E} = {9406470E-2E70-4343-A62C-B07261E1AB9B}
		{1E9636CC-05BB-4AAF-85E1-B8BEA04C4C2A} = {75B5716D-BAEB-4AAC-861B-EC2D596A416E}
		{C2889D17-09DE-4104-975B-52DFEF22DE07} = {B469CE33-F793-410B-85C5-FBDE1E0AF222}
		{9406470E-2E70-4343-A62C-B07261E1AB9B} = {B6FD4708-BE7A-4C36-9553-10D4535B5588}
		{58DC78A8-A89F-480C-9238-FC3B6DDC1D37} = {B6FD4708-BE7A-4C36-9553-10D4535B5588}
		{AD8E6F3C-8EF6-45D1-B5AD-4E973F545C10} = {9406470E-2E70-4343-A62C-B07261E1AB9B}
		{74E22F13-B1A4-4550-A710-DEC682DD964C} = {9406470E-2E70-4343-A62C-B07261E1AB9B}
		{47B8DA23-6036-4930-8B95-CD59DFA4F525} = {58DC78A8-A89F-480C-9238-FC3B6DDC1D37}
		{D580CCFE-0CDC-453D-8539-C1B88B45B0C4} = {58DC78A8-A89F-480C-9238-FC3B6DDC1D37}
		{AF58E32C-9BF7-4128-AA33-80D30B61753F} = {58DC78A8-A89F-480C-9238-FC3B6DDC1D37}
		{58F9A69E-318A-4D51-8483-C61473F332A9} = {58DC78A8-A89F-480C-9238-FC3B6DDC1D37}
		{CFFAEF60-3548-4B41-B1F0-2050E197800F} = {58DC78A8-A89F-480C-9238-FC3B6DDC1D37}
		{FCFB9C38-E088-429B-A4D2-05D653622F0C} = {9406470E-2E70-4343-A62C-B07261E1AB9B}
		{6B132DE2-AAD1-471E-972C-96B334045B37} = {9406470E-2E70-4343-A62C-B07261E1AB9B}
		{58703D95-29B3-4068-9240-E5FFDA4FBC95} = {9406470E-2E70-4343-A62C-B07261E1AB9B}
		{7B8A5261-AA5E-403C-A4F0-4803A705A447} = {58DC78A8-A89F-480C-9238-FC3B6DDC1D37}
		{87DB8274-92C3-46A8-85C6-FA290FC8DCBA} = {58DC78A8-A89F-480C-9238-FC3B6DDC1D37}
		{29484B0D-1525-4A1E-895B-FD67A47FD6FC} = {9406470E-2E70-4343-A62C-B07261E1AB9B}
		{B9A82A17-3E9D-4298-AE10-C82DEC65056E} = {AD8E6F3C-8EF6-45D1-B5AD-4E973F545C10}
		{1AD42470-CC3F-47D9-BD72-2D05AB4F0E78} = {FCFB9C38-E088-429B-A4D2-05D653622F0C}
		{0573C71A-B332-42DA-AF99-49F265D223ED} = {6B132DE2-AAD1-471E-972C-96B334045B37}
		{2EF5E1BB-1BEC-47A3-B0DC-4DC3FECE73E4} = {29484B0D-1525-4A1E-895B-FD67A47FD6FC}
		{B1D7CB4E-DDF7-40F7-BF79-B7F109D24E24} = {D21117FC-2885-4E4E-8438-6B82BD156CC5}
		{B469CE33-F793-410B-85C5-FBDE1E0AF222} = {D21117FC-2885-4E4E-8438-6B82BD156CC5}
		{FDC87C69-52B6-4B85-A63D-22433A512BE5} = {29090C3F-795A-4354-9CA8-C27578604513}
		{29090C3F-795A-4354-9CA8-C27578604513} = {B6FD4708-BE7A-4C36-9553-10D4535B5588}
		{23C6B6B4-9C94-48DF-8007-C5FE0DC12F39} = {B469CE33-F793-410B-85C5-FBDE1E0AF222}
		{54F76628-162B-4EF1-A89F-D4DD28185A85} = {B6FD4708-BE7A-4C36-9553-10D4535B5588}
		{31FE82EB-048F-4E0E-BD5E-D9E15E886693} = {54F76628-162B-4EF1-A89F-D4DD28185A85}
		{87012709-3070-4802-BA9D-9819AFEA628B} = {B469CE33-F793-410B-85C5-FBDE1E0AF222}
		{64FC7993-D82D-451F-A6DA-39B26C2A5853} = {58703D95-29B3-4068-9240-E5FFDA4FBC95}
		{D2171D9A-4E02-4248-88D8-363DECB9BBEB} = {58DC78A8-A89F-480C-9238-FC3B6DDC1D37}
		{55B7CB98-2ED6-49DF-85D3-7E92D99B9B26} = {B469CE33-F793-410B-85C5-FBDE1E0AF222}
		{9531832B-F35A-4455-9599-2417B1763665} = {B469CE33-F793-410B-85C5-FBDE1E0AF222}
		{E0510334-7FF4-4CBC-9F5F-28637063CE18} = {B469CE33-F793-410B-85C5-FBDE1E0AF222}
		{AE5BF1DB-B530-47E2-9874-D23D8412593C} = {B1D7CB4E-DDF7-40F7-BF79-B7F109D24E24}
		{594C8C09-0B5A-4F04-A44F-ECE6B990BB8C} = {B1D7CB4E-DDF7-40F7-BF79-B7F109D24E24}
		{68067FE0-2A61-4850-AA5A-065DDE6C97A1} = {B1D7CB4E-DDF7-40F7-BF79-B7F109D24E24}
		{8C5D9027-3B7F-45F3-9F2D-B16602F423CD} = {58DC78A8-A89F-480C-9238-FC3B6DDC1D37}
		{47C0A29C-7F2B-43FE-9FA9-F9E3F7BCAC79} = {9406470E-2E70-4343-A62C-B07261E1AB9B}
		{4F4BE07C-1623-493E-BDFA-6C5752F9BB6F} = {47C0A29C-7F2B-43FE-9FA9-F9E3F7BCAC79}
		{35089D92-AFEF-4C61-9BEB-E1E8D6B216A1} = {B469CE33-F793-410B-85C5-FBDE1E0AF222}
	EndGlobalSection
	GlobalSection(ExtensibilityGlobals) = postSolution
		SolutionGuid = {6D952242-12D6-4AC6-81D4-1BEB07CBFBF6}
	EndGlobalSection
EndGlobal
